
Microsoft Visual Studio Solution File, Format Version 12.00
# Visual Studio Version 17
VisualStudioVersion = 17.0.31903.59
MinimumVisualStudioVersion = 10.0.40219.1
Project("{FAE04EC0-301F-11D3-BF4B-00C04F79EFBC}") = "ConsoleGameOfLife", "ConsoleGameOfLife.csproj", "{0B0AEC66-46F2-4046-BDCB-BCC9A00F531E}"
EndProject
Project("{FAE04EC0-301F-11D3-BF4B-00C04F79EFBC}") = "GameOfLife.Desktop", "GameOfLife.Desktop\GameOfLife.Desktop.csproj", "{8EF0A929-33BF-4014-B74D-D6E8847B9F97}"
EndProject
Project("{FAE04EC0-301F-11D3-BF4B-00C04F79EFBC}") = "GameOfLife.Core", "GameOfLife.Core\GameOfLife.Core.csproj", "{7BF22A48-F6BD-46BB-9A3E-BFB0250EA7D1}"
EndProject
Global
	GlobalSection(SolutionConfigurationPlatforms) = preSolution
		Debug|Any CPU = Debug|Any CPU
		Release|Any CPU = Release|Any CPU
	EndGlobalSection
	GlobalSection(SolutionProperties) = preSolution
		HideSolutionNode = FALSE
	EndGlobalSection
	GlobalSection(ProjectConfigurationPlatforms) = postSolution
		{0B0AEC66-46F2-4046-BDCB-BCC9A00F531E}.Debug|Any CPU.ActiveCfg = Debug|Any CPU
		{0B0AEC66-46F2-4046-BDCB-BCC9A00F531E}.Debug|Any CPU.Build.0 = Debug|Any CPU
		{0B0AEC66-46F2-4046-BDCB-BCC9A00F531E}.Release|Any CPU.ActiveCfg = Release|Any CPU
		{0B0AEC66-46F2-4046-BDCB-BCC9A00F531E}.Release|Any CPU.Build.0 = Release|Any CPU
		{8EF0A929-33BF-4014-B74D-D6E8847B9F97}.Debug|Any CPU.ActiveCfg = Debug|Any CPU
		{8EF0A929-33BF-4014-B74D-D6E8847B9F97}.Debug|Any CPU.Build.0 = Debug|Any CPU
		{8EF0A929-33BF-4014-B74D-D6E8847B9F97}.Release|Any CPU.ActiveCfg = Release|Any CPU
		{8EF0A929-33BF-4014-B74D-D6E8847B9F97}.Release|Any CPU.Build.0 = Release|Any CPU
		{7BF22A48-F6BD-46BB-9A3E-BFB0250EA7D1}.Debug|Any CPU.ActiveCfg = Debug|Any CPU
		{7BF22A48-F6BD-46BB-9A3E-BFB0250EA7D1}.Debug|Any CPU.Build.0 = Debug|Any CPU
		{7BF22A48-F6BD-46BB-9A3E-BFB0250EA7D1}.Release|Any CPU.ActiveCfg = Release|Any CPU
		{7BF22A48-F6BD-46BB-9A3E-BFB0250EA7D1}.Release|Any CPU.Build.0 = Release|Any CPU
	EndGlobalSection
EndGlobal
